// !$*UTF8*$!
{
	archiveVersion = 1;
	classes = {
	};
	objectVersion = 46;
	objects = {

/* Begin PBXBuildFile section */
		53B524661AD1CA3300AAA21C /* main.cpp in Sources */ = {isa = PBXBuildFile; fileRef = 53B524651AD1CA3300AAA21C /* main.cpp */; };
		53B5246D1AD1CA4000AAA21C /* GLUT.framework in Frameworks */ = {isa = PBXBuildFile; fileRef = 53B5246C1AD1CA4000AAA21C /* GLUT.framework */; };
		53B5246F1AD1CA4600AAA21C /* OpenGL.framework in Frameworks */ = {isa = PBXBuildFile; fileRef = 53B5246E1AD1CA4600AAA21C /* OpenGL.framework */; };
		53B524721AD1CA6900AAA21C /* Image.cpp in Sources */ = {isa = PBXBuildFile; fileRef = 53B524701AD1CA6900AAA21C /* Image.cpp */; };
		53B5247B1AD1CD5E00AAA21C /* Element.cpp in Sources */ = {isa = PBXBuildFile; fileRef = 53B524791AD1CD5E00AAA21C /* Element.cpp */; };
		53B5247E1AD1CFBE00AAA21C /* ImageUtil.cpp in Sources */ = {isa = PBXBuildFile; fileRef = 53B5247C1AD1CFBE00AAA21C /* ImageUtil.cpp */; };
/* End PBXBuildFile section */

/* Begin PBXCopyFilesBuildPhase section */
		53B524601AD1CA3300AAA21C /* CopyFiles */ = {
			isa = PBXCopyFilesBuildPhase;
			buildActionMask = 2147483647;
			dstPath = /usr/share/man/man1/;
			dstSubfolderSpec = 0;
			files = (
			);
			runOnlyForDeploymentPostprocessing = 1;
		};
/* End PBXCopyFilesBuildPhase section */

/* Begin PBXFileReference section */
		53B524621AD1CA3300AAA21C /* SuperMarioSoccer */ = {isa = PBXFileReference; explicitFileType = "compiled.mach-o.executable"; includeInIndex = 0; path = SuperMarioSoccer; sourceTree = BUILT_PRODUCTS_DIR; };
		53B524651AD1CA3300AAA21C /* main.cpp */ = {isa = PBXFileReference; lastKnownFileType = sourcecode.cpp.cpp; path = main.cpp; sourceTree = "<group>"; };
		53B5246C1AD1CA4000AAA21C /* GLUT.framework */ = {isa = PBXFileReference; lastKnownFileType = wrapper.framework; name = GLUT.framework; path = System/Library/Frameworks/GLUT.framework; sourceTree = SDKROOT; };
		53B5246E1AD1CA4600AAA21C /* OpenGL.framework */ = {isa = PBXFileReference; lastKnownFileType = wrapper.framework; name = OpenGL.framework; path = System/Library/Frameworks/OpenGL.framework; sourceTree = SDKROOT; };
		53B524701AD1CA6900AAA21C /* Image.cpp */ = {isa = PBXFileReference; fileEncoding = 4; lastKnownFileType = sourcecode.cpp.cpp; path = Image.cpp; sourceTree = "<group>"; };
		53B524711AD1CA6900AAA21C /* Image.h */ = {isa = PBXFileReference; fileEncoding = 4; lastKnownFileType = sourcecode.c.h; path = Image.h; sourceTree = "<group>"; };
		53B524791AD1CD5E00AAA21C /* Element.cpp */ = {isa = PBXFileReference; fileEncoding = 4; lastKnownFileType = sourcecode.cpp.cpp; path = Element.cpp; sourceTree = "<group>"; };
		53B5247A1AD1CD5E00AAA21C /* Element.h */ = {isa = PBXFileReference; fileEncoding = 4; lastKnownFileType = sourcecode.c.h; path = Element.h; sourceTree = "<group>"; };
		53B5247C1AD1CFBE00AAA21C /* ImageUtil.cpp */ = {isa = PBXFileReference; fileEncoding = 4; lastKnownFileType = sourcecode.cpp.cpp; path = ImageUtil.cpp; sourceTree = "<group>"; };
		53B5247D1AD1CFBE00AAA21C /* ImageUtil.h */ = {isa = PBXFileReference; fileEncoding = 4; lastKnownFileType = sourcecode.c.h; path = ImageUtil.h; sourceTree = "<group>"; };
/* End PBXFileReference section */

/* Begin PBXFrameworksBuildPhase section */
		53B5245F1AD1CA3300AAA21C /* Frameworks */ = {
			isa = PBXFrameworksBuildPhase;
			buildActionMask = 2147483647;
			files = (
				53B5246F1AD1CA4600AAA21C /* OpenGL.framework in Frameworks */,
				53B5246D1AD1CA4000AAA21C /* GLUT.framework in Frameworks */,
			);
			runOnlyForDeploymentPostprocessing = 0;
		};
/* End PBXFrameworksBuildPhase section */

/* Begin PBXGroup section */
		53B524591AD1CA3300AAA21C = {
			isa = PBXGroup;
			children = (
				53B5246E1AD1CA4600AAA21C /* OpenGL.framework */,
				53B5246C1AD1CA4000AAA21C /* GLUT.framework */,
				53B524641AD1CA3300AAA21C /* SuperMarioSoccer */,
				53B524631AD1CA3300AAA21C /* Products */,
			);
			sourceTree = "<group>";
		};
		53B524631AD1CA3300AAA21C /* Products */ = {
			isa = PBXGroup;
			children = (
				53B524621AD1CA3300AAA21C /* SuperMarioSoccer */,
			);
			name = Products;
			sourceTree = "<group>";
		};
		53B524641AD1CA3300AAA21C /* SuperMarioSoccer */ = {
			isa = PBXGroup;
			children = (
				53B524651AD1CA3300AAA21C /* main.cpp */,
				53B524701AD1CA6900AAA21C /* Image.cpp */,
				53B524711AD1CA6900AAA21C /* Image.h */,
				53B524791AD1CD5E00AAA21C /* Element.cpp */,
				53B5247A1AD1CD5E00AAA21C /* Element.h */,
				53B5247C1AD1CFBE00AAA21C /* ImageUtil.cpp */,
				53B5247D1AD1CFBE00AAA21C /* ImageUtil.h */,
			);
			path = SuperMarioSoccer;
			sourceTree = "<group>";
		};
/* End PBXGroup section */

/* Begin PBXNativeTarget section */
		53B524611AD1CA3300AAA21C /* SuperMarioSoccer */ = {
			isa = PBXNativeTarget;
			buildConfigurationList = 53B524691AD1CA3300AAA21C /* Build configuration list for PBXNativeTarget "SuperMarioSoccer" */;
			buildPhases = (
				53B5245E1AD1CA3300AAA21C /* Sources */,
				53B5245F1AD1CA3300AAA21C /* Frameworks */,
				53B524601AD1CA3300AAA21C /* CopyFiles */,
			);
			buildRules = (
			);
			dependencies = (
			);
			name = SuperMarioSoccer;
			productName = SuperMarioSoccer;
			productReference = 53B524621AD1CA3300AAA21C /* SuperMarioSoccer */;
			productType = "com.apple.product-type.tool";
		};
/* End PBXNativeTarget section */

/* Begin PBXProject section */
		53B5245A1AD1CA3300AAA21C /* Project object */ = {
			isa = PBXProject;
			attributes = {
				LastUpgradeCheck = 0620;
				ORGANIZATIONNAME = "Rafael Eyng";
				TargetAttributes = {
					53B524611AD1CA3300AAA21C = {
						CreatedOnToolsVersion = 6.2;
					};
				};
			};
			buildConfigurationList = 53B5245D1AD1CA3300AAA21C /* Build configuration list for PBXProject "SuperMarioSoccer" */;
			compatibilityVersion = "Xcode 3.2";
			developmentRegion = English;
			hasScannedForEncodings = 0;
			knownRegions = (
				en,
			);
			mainGroup = 53B524591AD1CA3300AAA21C;
			productRefGroup = 53B524631AD1CA3300AAA21C /* Products */;
			projectDirPath = "";
			projectRoot = "";
			targets = (
				53B524611AD1CA3300AAA21C /* SuperMarioSoccer */,
			);
		};
/* End PBXProject section */

/* Begin PBXSourcesBuildPhase section */
		53B5245E1AD1CA3300AAA21C /* Sources */ = {
			isa = PBXSourcesBuildPhase;
			buildActionMask = 2147483647;
			files = (
				53B5247B1AD1CD5E00AAA21C /* Element.cpp in Sources */,
				53B524661AD1CA3300AAA21C /* main.cpp in Sources */,
				53B524721AD1CA6900AAA21C /* Image.cpp in Sources */,
				53B5247E1AD1CFBE00AAA21C /* ImageUtil.cpp in Sources */,
			);
			runOnlyForDeploymentPostprocessing = 0;
		};
/* End PBXSourcesBuildPhase section */

/* Begin XCBuildConfiguration section */
		53B524671AD1CA3300AAA21C /* Debug */ = {
			isa = XCBuildConfiguration;
			buildSettings = {
				ALWAYS_SEARCH_USER_PATHS = NO;
				CLANG_CXX_LANGUAGE_STANDARD = "gnu++0x";
				CLANG_CXX_LIBRARY = "libc++";
				CLANG_ENABLE_MODULES = YES;
				CLANG_ENABLE_OBJC_ARC = YES;
				CLANG_WARN_BOOL_CONVERSION = YES;
				CLANG_WARN_CONSTANT_CONVERSION = YES;
				CLANG_WARN_DIRECT_OBJC_ISA_USAGE = YES_ERROR;
				CLANG_WARN_EMPTY_BODY = YES;
				CLANG_WARN_ENUM_CONVERSION = YES;
				CLANG_WARN_INT_CONVERSION = YES;
				CLANG_WARN_OBJC_ROOT_CLASS = YES_ERROR;
				CLANG_WARN_UNREACHABLE_CODE = YES;
				CLANG_WARN__DUPLICATE_METHOD_MATCH = YES;
				COPY_PHASE_STRIP = NO;
				ENABLE_STRICT_OBJC_MSGSEND = YES;
				GCC_C_LANGUAGE_STANDARD = gnu99;
				GCC_DYNAMIC_NO_PIC = NO;
				GCC_OPTIMIZATION_LEVEL = 0;
				GCC_PREPROCESSOR_DEFINITIONS = (
					"DEBUG=1",
					"$(inherited)",
				);
				GCC_SYMBOLS_PRIVATE_EXTERN = NO;
				GCC_WARN_64_TO_32_BIT_CONVERSION = YES;
				GCC_WARN_ABOUT_RETURN_TYPE = YES_ERROR;
				GCC_WARN_UNDECLARED_SELECTOR = YES;
				GCC_WARN_UNINITIALIZED_AUTOS = YES_AGGRESSIVE;
				GCC_WARN_UNUSED_FUNCTION = YES;
				GCC_WARN_UNUSED_VARIABLE = YES;
				MACOSX_DEPLOYMENT_TARGET = 10.10;
				MTL_ENABLE_DEBUG_INFO = YES;
				ONLY_ACTIVE_ARCH = YES;
				SDKROOT = macosx;
			};
			name = Debug;
		};
		53B524681AD1CA3300AAA21C /* Release */ = {
			isa = XCBuildConfiguration;
			buildSettings = {
				ALWAYS_SEARCH_USER_PATHS = NO;
				CLANG_CXX_LANGUAGE_STANDARD = "gnu++0x";
				CLANG_CXX_LIBRARY = "libc++";
				CLANG_ENABLE_MODULES = YES;
				CLANG_ENABLE_OBJC_ARC = YES;
				CLANG_WARN_BOOL_CONVERSION = YES;
				CLANG_WARN_CONSTANT_CONVERSION = YES;
				CLANG_WARN_DIRECT_OBJC_ISA_USAGE = YES_ERROR;
				CLANG_WARN_EMPTY_BODY = YES;
				CLANG_WARN_ENUM_CONVERSION = YES;
				CLANG_WARN_INT_CONVERSION = YES;
				CLANG_WARN_OBJC_ROOT_CLASS = YES_ERROR;
				CLANG_WARN_UNREACHABLE_CODE = YES;
				CLANG_WARN__DUPLICATE_METHOD_MATCH = YES;
				COPY_PHASE_STRIP = NO;
				DEBUG_INFORMATION_FORMAT = "dwarf-with-dsym";
				ENABLE_NS_ASSERTIONS = NO;
				ENABLE_STRICT_OBJC_MSGSEND = YES;
				GCC_C_LANGUAGE_STANDARD = gnu99;
				GCC_WARN_64_TO_32_BIT_CONVERSION = YES;
				GCC_WARN_ABOUT_RETURN_TYPE = YES_ERROR;
				GCC_WARN_UNDECLARED_SELECTOR = YES;
				GCC_WARN_UNINITIALIZED_AUTOS = YES_AGGRESSIVE;
				GCC_WARN_UNUSED_FUNCTION = YES;
				GCC_WARN_UNUSED_VARIABLE = YES;
				MACOSX_DEPLOYMENT_TARGET = 10.10;
				MTL_ENABLE_DEBUG_INFO = NO;
				SDKROOT = macosx;
			};
			name = Release;
		};
		53B5246A1AD1CA3300AAA21C /* Debug */ = {
			isa = XCBuildConfiguration;
			buildSettings = {
				PRODUCT_NAME = "$(TARGET_NAME)";
			};
			name = Debug;
		};
		53B5246B1AD1CA3300AAA21C /* Release */ = {
			isa = XCBuildConfiguration;
			buildSettings = {
				PRODUCT_NAME = "$(TARGET_NAME)";
			};
			name = Release;
		};
/* End XCBuildConfiguration section */

/* Begin XCConfigurationList section */
		53B5245D1AD1CA3300AAA21C /* Build configuration list for PBXProject "SuperMarioSoccer" */ = {
			isa = XCConfigurationList;
			buildConfigurations = (
				53B524671AD1CA3300AAA21C /* Debug */,
				53B524681AD1CA3300AAA21C /* Release */,
			);
			defaultConfigurationIsVisible = 0;
			defaultConfigurationName = Release;
		};
		53B524691AD1CA3300AAA21C /* Build configuration list for PBXNativeTarget "SuperMarioSoccer" */ = {
			isa = XCConfigurationList;
			buildConfigurations = (
				53B5246A1AD1CA3300AAA21C /* Debug */,
				53B5246B1AD1CA3300AAA21C /* Release */,
			);
			defaultConfigurationIsVisible = 0;
		};
/* End XCConfigurationList section */
	};
	rootObject = 53B5245A1AD1CA3300AAA21C /* Project object */;
}
