// !$*UTF8*$!
{
	archiveVersion = 1;
	classes = {
	};
	objectVersion = 46;
	objects = {

/* Begin PBXBuildFile section */
		534B962E1AC71C1000E7A3A1 /* main.cpp in Sources */ = {isa = PBXBuildFile; fileRef = 534B962D1AC71C1000E7A3A1 /* main.cpp */; };
		534B96351AC71C2200E7A3A1 /* OpenGL.framework in Frameworks */ = {isa = PBXBuildFile; fileRef = 534B96341AC71C2200E7A3A1 /* OpenGL.framework */; };
		534B96371AC71C2900E7A3A1 /* GLUT.framework in Frameworks */ = {isa = PBXBuildFile; fileRef = 534B96361AC71C2900E7A3A1 /* GLUT.framework */; };
		534B963A1AC71C5100E7A3A1 /* Image.cpp in Sources */ = {isa = PBXBuildFile; fileRef = 534B96381AC71C5100E7A3A1 /* Image.cpp */; };
/* End PBXBuildFile section */

/* Begin PBXCopyFilesBuildPhase section */
		534B96281AC71C1000E7A3A1 /* CopyFiles */ = {
			isa = PBXCopyFilesBuildPhase;
			buildActionMask = 2147483647;
			dstPath = /usr/share/man/man1/;
			dstSubfolderSpec = 0;
			files = (
			);
			runOnlyForDeploymentPostprocessing = 1;
		};
/* End PBXCopyFilesBuildPhase section */

/* Begin PBXFileReference section */
		534B962A1AC71C1000E7A3A1 /* ReadImageFile */ = {isa = PBXFileReference; explicitFileType = "compiled.mach-o.executable"; includeInIndex = 0; path = ReadImageFile; sourceTree = BUILT_PRODUCTS_DIR; };
		534B962D1AC71C1000E7A3A1 /* main.cpp */ = {isa = PBXFileReference; lastKnownFileType = sourcecode.cpp.cpp; path = main.cpp; sourceTree = "<group>"; };
		534B96341AC71C2200E7A3A1 /* OpenGL.framework */ = {isa = PBXFileReference; lastKnownFileType = wrapper.framework; name = OpenGL.framework; path = System/Library/Frameworks/OpenGL.framework; sourceTree = SDKROOT; };
		534B96361AC71C2900E7A3A1 /* GLUT.framework */ = {isa = PBXFileReference; lastKnownFileType = wrapper.framework; name = GLUT.framework; path = System/Library/Frameworks/GLUT.framework; sourceTree = SDKROOT; };
		534B96381AC71C5100E7A3A1 /* Image.cpp */ = {isa = PBXFileReference; fileEncoding = 4; lastKnownFileType = sourcecode.cpp.cpp; path = Image.cpp; sourceTree = "<group>"; };
		534B96391AC71C5100E7A3A1 /* Image.h */ = {isa = PBXFileReference; fileEncoding = 4; lastKnownFileType = sourcecode.c.h; path = Image.h; sourceTree = "<group>"; };
/* End PBXFileReference section */

/* Begin PBXFrameworksBuildPhase section */
		534B96271AC71C1000E7A3A1 /* Frameworks */ = {
			isa = PBXFrameworksBuildPhase;
			buildActionMask = 2147483647;
			files = (
				534B96371AC71C2900E7A3A1 /* GLUT.framework in Frameworks */,
				534B96351AC71C2200E7A3A1 /* OpenGL.framework in Frameworks */,
			);
			runOnlyForDeploymentPostprocessing = 0;
		};
/* End PBXFrameworksBuildPhase section */

/* Begin PBXGroup section */
		534B96211AC71C1000E7A3A1 = {
			isa = PBXGroup;
			children = (
				534B96361AC71C2900E7A3A1 /* GLUT.framework */,
				534B96341AC71C2200E7A3A1 /* OpenGL.framework */,
				534B962C1AC71C1000E7A3A1 /* ReadImageFile */,
				534B962B1AC71C1000E7A3A1 /* Products */,
			);
			sourceTree = "<group>";
		};
		534B962B1AC71C1000E7A3A1 /* Products */ = {
			isa = PBXGroup;
			children = (
				534B962A1AC71C1000E7A3A1 /* ReadImageFile */,
			);
			name = Products;
			sourceTree = "<group>";
		};
		534B962C1AC71C1000E7A3A1 /* ReadImageFile */ = {
			isa = PBXGroup;
			children = (
				534B962D1AC71C1000E7A3A1 /* main.cpp */,
				534B96381AC71C5100E7A3A1 /* Image.cpp */,
				534B96391AC71C5100E7A3A1 /* Image.h */,
			);
			path = ReadImageFile;
			sourceTree = "<group>";
		};
/* End PBXGroup section */

/* Begin PBXNativeTarget section */
		534B96291AC71C1000E7A3A1 /* ReadImageFile */ = {
			isa = PBXNativeTarget;
			buildConfigurationList = 534B96311AC71C1000E7A3A1 /* Build configuration list for PBXNativeTarget "ReadImageFile" */;
			buildPhases = (
				534B96261AC71C1000E7A3A1 /* Sources */,
				534B96271AC71C1000E7A3A1 /* Frameworks */,
				534B96281AC71C1000E7A3A1 /* CopyFiles */,
			);
			buildRules = (
			);
			dependencies = (
			);
			name = ReadImageFile;
			productName = ReadImageFile;
			productReference = 534B962A1AC71C1000E7A3A1 /* ReadImageFile */;
			productType = "com.apple.product-type.tool";
		};
/* End PBXNativeTarget section */

/* Begin PBXProject section */
		534B96221AC71C1000E7A3A1 /* Project object */ = {
			isa = PBXProject;
			attributes = {
				LastUpgradeCheck = 0620;
				ORGANIZATIONNAME = "Rafael Eyng";
				TargetAttributes = {
					534B96291AC71C1000E7A3A1 = {
						CreatedOnToolsVersion = 6.2;
					};
				};
			};
			buildConfigurationList = 534B96251AC71C1000E7A3A1 /* Build configuration list for PBXProject "ReadImageFile" */;
			compatibilityVersion = "Xcode 3.2";
			developmentRegion = English;
			hasScannedForEncodings = 0;
			knownRegions = (
				en,
			);
			mainGroup = 534B96211AC71C1000E7A3A1;
			productRefGroup = 534B962B1AC71C1000E7A3A1 /* Products */;
			projectDirPath = "";
			projectRoot = "";
			targets = (
				534B96291AC71C1000E7A3A1 /* ReadImageFile */,
			);
		};
/* End PBXProject section */

/* Begin PBXSourcesBuildPhase section */
		534B96261AC71C1000E7A3A1 /* Sources */ = {
			isa = PBXSourcesBuildPhase;
			buildActionMask = 2147483647;
			files = (
				534B962E1AC71C1000E7A3A1 /* main.cpp in Sources */,
				534B963A1AC71C5100E7A3A1 /* Image.cpp in Sources */,
			);
			runOnlyForDeploymentPostprocessing = 0;
		};
/* End PBXSourcesBuildPhase section */

/* Begin XCBuildConfiguration section */
		534B962F1AC71C1000E7A3A1 /* Debug */ = {
			isa = XCBuildConfiguration;
			buildSettings = {
				ALWAYS_SEARCH_USER_PATHS = NO;
				CLANG_CXX_LANGUAGE_STANDARD = "gnu++0x";
				CLANG_CXX_LIBRARY = "libc++";
				CLANG_ENABLE_MODULES = YES;
				CLANG_ENABLE_OBJC_ARC = YES;
				CLANG_WARN_BOOL_CONVERSION = YES;
				CLANG_WARN_CONSTANT_CONVERSION = YES;
				CLANG_WARN_DIRECT_OBJC_ISA_USAGE = YES_ERROR;
				CLANG_WARN_EMPTY_BODY = YES;
				CLANG_WARN_ENUM_CONVERSION = YES;
				CLANG_WARN_INT_CONVERSION = YES;
				CLANG_WARN_OBJC_ROOT_CLASS = YES_ERROR;
				CLANG_WARN_UNREACHABLE_CODE = YES;
				CLANG_WARN__DUPLICATE_METHOD_MATCH = YES;
				COPY_PHASE_STRIP = NO;
				ENABLE_STRICT_OBJC_MSGSEND = YES;
				GCC_C_LANGUAGE_STANDARD = gnu99;
				GCC_DYNAMIC_NO_PIC = NO;
				GCC_OPTIMIZATION_LEVEL = 0;
				GCC_PREPROCESSOR_DEFINITIONS = (
					"DEBUG=1",
					"$(inherited)",
				);
				GCC_SYMBOLS_PRIVATE_EXTERN = NO;
				GCC_WARN_64_TO_32_BIT_CONVERSION = YES;
				GCC_WARN_ABOUT_RETURN_TYPE = YES_ERROR;
				GCC_WARN_UNDECLARED_SELECTOR = YES;
				GCC_WARN_UNINITIALIZED_AUTOS = YES_AGGRESSIVE;
				GCC_WARN_UNUSED_FUNCTION = YES;
				GCC_WARN_UNUSED_VARIABLE = YES;
				MACOSX_DEPLOYMENT_TARGET = 10.10;
				MTL_ENABLE_DEBUG_INFO = YES;
				ONLY_ACTIVE_ARCH = YES;
				SDKROOT = macosx;
			};
			name = Debug;
		};
		534B96301AC71C1000E7A3A1 /* Release */ = {
			isa = XCBuildConfiguration;
			buildSettings = {
				ALWAYS_SEARCH_USER_PATHS = NO;
				CLANG_CXX_LANGUAGE_STANDARD = "gnu++0x";
				CLANG_CXX_LIBRARY = "libc++";
				CLANG_ENABLE_MODULES = YES;
				CLANG_ENABLE_OBJC_ARC = YES;
				CLANG_WARN_BOOL_CONVERSION = YES;
				CLANG_WARN_CONSTANT_CONVERSION = YES;
				CLANG_WARN_DIRECT_OBJC_ISA_USAGE = YES_ERROR;
				CLANG_WARN_EMPTY_BODY = YES;
				CLANG_WARN_ENUM_CONVERSION = YES;
				CLANG_WARN_INT_CONVERSION = YES;
				CLANG_WARN_OBJC_ROOT_CLASS = YES_ERROR;
				CLANG_WARN_UNREACHABLE_CODE = YES;
				CLANG_WARN__DUPLICATE_METHOD_MATCH = YES;
				COPY_PHASE_STRIP = NO;
				DEBUG_INFORMATION_FORMAT = "dwarf-with-dsym";
				ENABLE_NS_ASSERTIONS = NO;
				ENABLE_STRICT_OBJC_MSGSEND = YES;
				GCC_C_LANGUAGE_STANDARD = gnu99;
				GCC_WARN_64_TO_32_BIT_CONVERSION = YES;
				GCC_WARN_ABOUT_RETURN_TYPE = YES_ERROR;
				GCC_WARN_UNDECLARED_SELECTOR = YES;
				GCC_WARN_UNINITIALIZED_AUTOS = YES_AGGRESSIVE;
				GCC_WARN_UNUSED_FUNCTION = YES;
				GCC_WARN_UNUSED_VARIABLE = YES;
				MACOSX_DEPLOYMENT_TARGET = 10.10;
				MTL_ENABLE_DEBUG_INFO = NO;
				SDKROOT = macosx;
			};
			name = Release;
		};
		534B96321AC71C1000E7A3A1 /* Debug */ = {
			isa = XCBuildConfiguration;
			buildSettings = {
				PRODUCT_NAME = "$(TARGET_NAME)";
			};
			name = Debug;
		};
		534B96331AC71C1000E7A3A1 /* Release */ = {
			isa = XCBuildConfiguration;
			buildSettings = {
				PRODUCT_NAME = "$(TARGET_NAME)";
			};
			name = Release;
		};
/* End XCBuildConfiguration section */

/* Begin XCConfigurationList section */
		534B96251AC71C1000E7A3A1 /* Build configuration list for PBXProject "ReadImageFile" */ = {
			isa = XCConfigurationList;
			buildConfigurations = (
				534B962F1AC71C1000E7A3A1 /* Debug */,
				534B96301AC71C1000E7A3A1 /* Release */,
			);
			defaultConfigurationIsVisible = 0;
			defaultConfigurationName = Release;
		};
		534B96311AC71C1000E7A3A1 /* Build configuration list for PBXNativeTarget "ReadImageFile" */ = {
			isa = XCConfigurationList;
			buildConfigurations = (
				534B96321AC71C1000E7A3A1 /* Debug */,
				534B96331AC71C1000E7A3A1 /* Release */,
			);
			defaultConfigurationIsVisible = 0;
		};
/* End XCConfigurationList section */
	};
	rootObject = 534B96221AC71C1000E7A3A1 /* Project object */;
}
